
Microsoft Visual Studio Solution File, Format Version 12.00
# Visual Studio Version 16
VisualStudioVersion = 16.0.29519.87
MinimumVisualStudioVersion = 10.0.40219.1
Project("{FAE04EC0-301F-11D3-BF4B-00C04F79EFBC}") = "IJPProject", "IJPProject\IJPProject.csproj", "{A3631853-48BC-4AEC-B0C9-622DF1E3CB2D}"
EndProject
Global
	GlobalSection(SolutionConfigurationPlatforms) = preSolution
		Debug|Any CPU = Debug|Any CPU
		Release|Any CPU = Release|Any CPU
	EndGlobalSection
	GlobalSection(ProjectConfigurationPlatforms) = postSolution
		{A3631853-48BC-4AEC-B0C9-622DF1E3CB2D}.Debug|Any CPU.ActiveCfg = Debug|Any CPU
		{A3631853-48BC-4AEC-B0C9-622DF1E3CB2D}.Debug|Any CPU.Build.0 = Debug|Any CPU
		{A3631853-48BC-4AEC-B0C9-622DF1E3CB2D}.Release|Any CPU.ActiveCfg = Release|Any CPU
		{A3631853-48BC-4AEC-B0C9-622DF1E3CB2D}.Release|Any CPU.Build.0 = Release|Any CPU
	EndGlobalSection
	GlobalSection(SolutionProperties) = preSolution
		HideSolutionNode = FALSE
	EndGlobalSection
	GlobalSection(ExtensibilityGlobals) = postSolution
		SolutionGuid = {23CD2F76-95A7-4EEB-ACA5-D390C965B579}
	EndGlobalSection
EndGlobal
